// !$*UTF8*$!
{
	archiveVersion = 1;
	classes = {
	};
	objectVersion = 46;
	objects = {

/* Begin PBXBuildFile section */
		005D8A5A1F54FC7D00669321 /* main.m in Sources */ = {isa = PBXBuildFile; fileRef = 005D8A591F54FC7D00669321 /* main.m */; };
		005D8A5D1F54FC7D00669321 /* AppDelegate.m in Sources */ = {isa = PBXBuildFile; fileRef = 005D8A5C1F54FC7D00669321 /* AppDelegate.m */; };
		005D8A601F54FC7D00669321 /* ViewController.m in Sources */ = {isa = PBXBuildFile; fileRef = 005D8A5F1F54FC7D00669321 /* ViewController.m */; };
		005D8A631F54FC7D00669321 /* Main.storyboard in Resources */ = {isa = PBXBuildFile; fileRef = 005D8A611F54FC7D00669321 /* Main.storyboard */; };
		005D8A651F54FC7D00669321 /* Assets.xcassets in Resources */ = {isa = PBXBuildFile; fileRef = 005D8A641F54FC7D00669321 /* Assets.xcassets */; };
		005D8A681F54FC7D00669321 /* LaunchScreen.storyboard in Resources */ = {isa = PBXBuildFile; fileRef = 005D8A661F54FC7D00669321 /* LaunchScreen.storyboard */; };
		005D8A731F54FC7D00669321 /* MessageShowTests.m in Sources */ = {isa = PBXBuildFile; fileRef = 005D8A721F54FC7D00669321 /* MessageShowTests.m */; };
		005D8A7E1F54FC7D00669321 /* MessageShowUITests.m in Sources */ = {isa = PBXBuildFile; fileRef = 005D8A7D1F54FC7D00669321 /* MessageShowUITests.m */; };
		005D8A901F54FD3700669321 /* NSString+Filter.m in Sources */ = {isa = PBXBuildFile; fileRef = 005D8A8C1F54FD3700669321 /* NSString+Filter.m */; };
		005D8A911F54FD3700669321 /* YXMessageShow.m in Sources */ = {isa = PBXBuildFile; fileRef = 005D8A8E1F54FD3700669321 /* YXMessageShow.m */; };
		005D8A921F54FD3700669321 /* YXMessageShow.xib in Resources */ = {isa = PBXBuildFile; fileRef = 005D8A8F1F54FD3700669321 /* YXMessageShow.xib */; };
/* End PBXBuildFile section */

/* Begin PBXContainerItemProxy section */
		005D8A6F1F54FC7D00669321 /* PBXContainerItemProxy */ = {
			isa = PBXContainerItemProxy;
			containerPortal = 005D8A4D1F54FC7D00669321 /* Project object */;
			proxyType = 1;
			remoteGlobalIDString = 005D8A541F54FC7D00669321;
			remoteInfo = MessageShow;
		};
		005D8A7A1F54FC7D00669321 /* PBXContainerItemProxy */ = {
			isa = PBXContainerItemProxy;
			containerPortal = 005D8A4D1F54FC7D00669321 /* Project object */;
			proxyType = 1;
			remoteGlobalIDString = 005D8A541F54FC7D00669321;
			remoteInfo = MessageShow;
		};
/* End PBXContainerItemProxy section */

/* Begin PBXFileReference section */
		005D8A551F54FC7D00669321 /* MessageShow.app */ = {isa = PBXFileReference; explicitFileType = wrapper.application; includeInIndex = 0; path = MessageShow.app; sourceTree = BUILT_PRODUCTS_DIR; };
		005D8A591F54FC7D00669321 /* main.m */ = {isa = PBXFileReference; lastKnownFileType = sourcecode.c.objc; path = main.m; sourceTree = "<group>"; };
		005D8A5B1F54FC7D00669321 /* AppDelegate.h */ = {isa = PBXFileReference; lastKnownFileType = sourcecode.c.h; path = AppDelegate.h; sourceTree = "<group>"; };
		005D8A5C1F54FC7D00669321 /* AppDelegate.m */ = {isa = PBXFileReference; lastKnownFileType = sourcecode.c.objc; path = AppDelegate.m; sourceTree = "<group>"; };
		005D8A5E1F54FC7D00669321 /* ViewController.h */ = {isa = PBXFileReference; lastKnownFileType = sourcecode.c.h; path = ViewController.h; sourceTree = "<group>"; };
		005D8A5F1F54FC7D00669321 /* ViewController.m */ = {isa = PBXFileReference; lastKnownFileType = sourcecode.c.objc; path = ViewController.m; sourceTree = "<group>"; };
		005D8A621F54FC7D00669321 /* Base */ = {isa = PBXFileReference; lastKnownFileType = file.storyboard; name = Base; path = Base.lproj/Main.storyboard; sourceTree = "<group>"; };
		005D8A641F54FC7D00669321 /* Assets.xcassets */ = {isa = PBXFileReference; lastKnownFileType = folder.assetcatalog; path = Assets.xcassets; sourceTree = "<group>"; };
		005D8A671F54FC7D00669321 /* Base */ = {isa = PBXFileReference; lastKnownFileType = file.storyboard; name = Base; path = Base.lproj/LaunchScreen.storyboard; sourceTree = "<group>"; };
		005D8A691F54FC7D00669321 /* Info.plist */ = {isa = PBXFileReference; lastKnownFileType = text.plist.xml; path = Info.plist; sourceTree = "<group>"; };
		005D8A6E1F54FC7D00669321 /* MessageShowTests.xctest */ = {isa = PBXFileReference; explicitFileType = wrapper.cfbundle; includeInIndex = 0; path = MessageShowTests.xctest; sourceTree = BUILT_PRODUCTS_DIR; };
		005D8A721F54FC7D00669321 /* MessageShowTests.m */ = {isa = PBXFileReference; lastKnownFileType = sourcecode.c.objc; path = MessageShowTests.m; sourceTree = "<group>"; };
		005D8A741F54FC7D00669321 /* Info.plist */ = {isa = PBXFileReference; lastKnownFileType = text.plist.xml; path = Info.plist; sourceTree = "<group>"; };
		005D8A791F54FC7D00669321 /* MessageShowUITests.xctest */ = {isa = PBXFileReference; explicitFileType = wrapper.cfbundle; includeInIndex = 0; path = MessageShowUITests.xctest; sourceTree = BUILT_PRODUCTS_DIR; };
		005D8A7D1F54FC7D00669321 /* MessageShowUITests.m */ = {isa = PBXFileReference; lastKnownFileType = sourcecode.c.objc; path = MessageShowUITests.m; sourceTree = "<group>"; };
		005D8A7F1F54FC7D00669321 /* Info.plist */ = {isa = PBXFileReference; lastKnownFileType = text.plist.xml; path = Info.plist; sourceTree = "<group>"; };
		005D8A8B1F54FD3700669321 /* NSString+Filter.h */ = {isa = PBXFileReference; fileEncoding = 4; lastKnownFileType = sourcecode.c.h; path = "NSString+Filter.h"; sourceTree = "<group>"; };
		005D8A8C1F54FD3700669321 /* NSString+Filter.m */ = {isa = PBXFileReference; fileEncoding = 4; lastKnownFileType = sourcecode.c.objc; path = "NSString+Filter.m"; sourceTree = "<group>"; };
		005D8A8D1F54FD3700669321 /* YXMessageShow.h */ = {isa = PBXFileReference; fileEncoding = 4; lastKnownFileType = sourcecode.c.h; path = YXMessageShow.h; sourceTree = "<group>"; };
		005D8A8E1F54FD3700669321 /* YXMessageShow.m */ = {isa = PBXFileReference; fileEncoding = 4; lastKnownFileType = sourcecode.c.objc; path = YXMessageShow.m; sourceTree = "<group>"; };
		005D8A8F1F54FD3700669321 /* YXMessageShow.xib */ = {isa = PBXFileReference; fileEncoding = 4; lastKnownFileType = file.xib; path = YXMessageShow.xib; sourceTree = "<group>"; };
/* End PBXFileReference section */

/* Begin PBXFrameworksBuildPhase section */
		005D8A521F54FC7D00669321 /* Frameworks */ = {
			isa = PBXFrameworksBuildPhase;
			buildActionMask = 2147483647;
			files = (
			);
			runOnlyForDeploymentPostprocessing = 0;
		};
		005D8A6B1F54FC7D00669321 /* Frameworks */ = {
			isa = PBXFrameworksBuildPhase;
			buildActionMask = 2147483647;
			files = (
			);
			runOnlyForDeploymentPostprocessing = 0;
		};
		005D8A761F54FC7D00669321 /* Frameworks */ = {
			isa = PBXFrameworksBuildPhase;
			buildActionMask = 2147483647;
			files = (
			);
			runOnlyForDeploymentPostprocessing = 0;
		};
/* End PBXFrameworksBuildPhase section */

/* Begin PBXGroup section */
		005D8A4C1F54FC7D00669321 = {
			isa = PBXGroup;
			children = (
				005D8A571F54FC7D00669321 /* MessageShow */,
				005D8A711F54FC7D00669321 /* MessageShowTests */,
				005D8A7C1F54FC7D00669321 /* MessageShowUITests */,
				005D8A561F54FC7D00669321 /* Products */,
			);
			sourceTree = "<group>";
		};
		005D8A561F54FC7D00669321 /* Products */ = {
			isa = PBXGroup;
			children = (
				005D8A551F54FC7D00669321 /* MessageShow.app */,
				005D8A6E1F54FC7D00669321 /* MessageShowTests.xctest */,
				005D8A791F54FC7D00669321 /* MessageShowUITests.xctest */,
			);
			name = Products;
			sourceTree = "<group>";
		};
		005D8A571F54FC7D00669321 /* MessageShow */ = {
			isa = PBXGroup;
			children = (
				005D8A8B1F54FD3700669321 /* NSString+Filter.h */,
				005D8A8C1F54FD3700669321 /* NSString+Filter.m */,
				005D8A8D1F54FD3700669321 /* YXMessageShow.h */,
				005D8A8E1F54FD3700669321 /* YXMessageShow.m */,
				005D8A8F1F54FD3700669321 /* YXMessageShow.xib */,
				005D8A5B1F54FC7D00669321 /* AppDelegate.h */,
				005D8A5C1F54FC7D00669321 /* AppDelegate.m */,
				005D8A5E1F54FC7D00669321 /* ViewController.h */,
				005D8A5F1F54FC7D00669321 /* ViewController.m */,
				005D8A611F54FC7D00669321 /* Main.storyboard */,
				005D8A641F54FC7D00669321 /* Assets.xcassets */,
				005D8A661F54FC7D00669321 /* LaunchScreen.storyboard */,
				005D8A691F54FC7D00669321 /* Info.plist */,
				005D8A581F54FC7D00669321 /* Supporting Files */,
			);
			path = MessageShow;
			sourceTree = "<group>";
		};
		005D8A581F54FC7D00669321 /* Supporting Files */ = {
			isa = PBXGroup;
			children = (
				005D8A591F54FC7D00669321 /* main.m */,
			);
			name = "Supporting Files";
			sourceTree = "<group>";
		};
		005D8A711F54FC7D00669321 /* MessageShowTests */ = {
			isa = PBXGroup;
			children = (
				005D8A721F54FC7D00669321 /* MessageShowTests.m */,
				005D8A741F54FC7D00669321 /* Info.plist */,
			);
			path = MessageShowTests;
			sourceTree = "<group>";
		};
		005D8A7C1F54FC7D00669321 /* MessageShowUITests */ = {
			isa = PBXGroup;
			children = (
				005D8A7D1F54FC7D00669321 /* MessageShowUITests.m */,
				005D8A7F1F54FC7D00669321 /* Info.plist */,
			);
			path = MessageShowUITests;
			sourceTree = "<group>";
		};
/* End PBXGroup section */

/* Begin PBXNativeTarget section */
		005D8A541F54FC7D00669321 /* MessageShow */ = {
			isa = PBXNativeTarget;
			buildConfigurationList = 005D8A821F54FC7D00669321 /* Build configuration list for PBXNativeTarget "MessageShow" */;
			buildPhases = (
				005D8A511F54FC7D00669321 /* Sources */,
				005D8A521F54FC7D00669321 /* Frameworks */,
				005D8A531F54FC7D00669321 /* Resources */,
			);
			buildRules = (
			);
			dependencies = (
			);
			name = MessageShow;
			productName = MessageShow;
			productReference = 005D8A551F54FC7D00669321 /* MessageShow.app */;
			productType = "com.apple.product-type.application";
		};
		005D8A6D1F54FC7D00669321 /* MessageShowTests */ = {
			isa = PBXNativeTarget;
			buildConfigurationList = 005D8A851F54FC7D00669321 /* Build configuration list for PBXNativeTarget "MessageShowTests" */;
			buildPhases = (
				005D8A6A1F54FC7D00669321 /* Sources */,
				005D8A6B1F54FC7D00669321 /* Frameworks */,
				005D8A6C1F54FC7D00669321 /* Resources */,
			);
			buildRules = (
			);
			dependencies = (
				005D8A701F54FC7D00669321 /* PBXTargetDependency */,
			);
			name = MessageShowTests;
			productName = MessageShowTests;
			productReference = 005D8A6E1F54FC7D00669321 /* MessageShowTests.xctest */;
			productType = "com.apple.product-type.bundle.unit-test";
		};
		005D8A781F54FC7D00669321 /* MessageShowUITests */ = {
			isa = PBXNativeTarget;
			buildConfigurationList = 005D8A881F54FC7D00669321 /* Build configuration list for PBXNativeTarget "MessageShowUITests" */;
			buildPhases = (
				005D8A751F54FC7D00669321 /* Sources */,
				005D8A761F54FC7D00669321 /* Frameworks */,
				005D8A771F54FC7D00669321 /* Resources */,
			);
			buildRules = (
			);
			dependencies = (
				005D8A7B1F54FC7D00669321 /* PBXTargetDependency */,
			);
			name = MessageShowUITests;
			productName = MessageShowUITests;
			productReference = 005D8A791F54FC7D00669321 /* MessageShowUITests.xctest */;
			productType = "com.apple.product-type.bundle.ui-testing";
		};
/* End PBXNativeTarget section */

/* Begin PBXProject section */
		005D8A4D1F54FC7D00669321 /* Project object */ = {
			isa = PBXProject;
			attributes = {
				LastUpgradeCheck = 0830;
				ORGANIZATIONNAME = YiXun;
				TargetAttributes = {
					005D8A541F54FC7D00669321 = {
						CreatedOnToolsVersion = 8.3.3;
						DevelopmentTeam = 79WD7D3E4S;
						ProvisioningStyle = Automatic;
					};
					005D8A6D1F54FC7D00669321 = {
						CreatedOnToolsVersion = 8.3.3;
						DevelopmentTeam = 79WD7D3E4S;
						ProvisioningStyle = Automatic;
						TestTargetID = 005D8A541F54FC7D00669321;
					};
					005D8A781F54FC7D00669321 = {
						CreatedOnToolsVersion = 8.3.3;
						DevelopmentTeam = 79WD7D3E4S;
						ProvisioningStyle = Automatic;
						TestTargetID = 005D8A541F54FC7D00669321;
					};
				};
			};
			buildConfigurationList = 005D8A501F54FC7D00669321 /* Build configuration list for PBXProject "MessageShow" */;
			compatibilityVersion = "Xcode 3.2";
			developmentRegion = English;
			hasScannedForEncodings = 0;
			knownRegions = (
				en,
				Base,
			);
			mainGroup = 005D8A4C1F54FC7D00669321;
			productRefGroup = 005D8A561F54FC7D00669321 /* Products */;
			projectDirPath = "";
			projectRoot = "";
			targets = (
				005D8A541F54FC7D00669321 /* MessageShow */,
				005D8A6D1F54FC7D00669321 /* MessageShowTests */,
				005D8A781F54FC7D00669321 /* MessageShowUITests */,
			);
		};
/* End PBXProject section */

/* Begin PBXResourcesBuildPhase section */
		005D8A531F54FC7D00669321 /* Resources */ = {
			isa = PBXResourcesBuildPhase;
			buildActionMask = 2147483647;
			files = (
				005D8A681F54FC7D00669321 /* LaunchScreen.storyboard in Resources */,
				005D8A921F54FD3700669321 /* YXMessageShow.xib in Resources */,
				005D8A651F54FC7D00669321 /* Assets.xcassets in Resources */,
				005D8A631F54FC7D00669321 /* Main.storyboard in Resources */,
			);
			runOnlyForDeploymentPostprocessing = 0;
		};
		005D8A6C1F54FC7D00669321 /* Resources */ = {
			isa = PBXResourcesBuildPhase;
			buildActionMask = 2147483647;
			files = (
			);
			runOnlyForDeploymentPostprocessing = 0;
		};
		005D8A771F54FC7D00669321 /* Resources */ = {
			isa = PBXResourcesBuildPhase;
			buildActionMask = 2147483647;
			files = (
			);
			runOnlyForDeploymentPostprocessing = 0;
		};
/* End PBXResourcesBuildPhase section */

/* Begin PBXSourcesBuildPhase section */
		005D8A511F54FC7D00669321 /* Sources */ = {
			isa = PBXSourcesBuildPhase;
			buildActionMask = 2147483647;
			files = (
				005D8A601F54FC7D00669321 /* ViewController.m in Sources */,
				005D8A901F54FD3700669321 /* NSString+Filter.m in Sources */,
				005D8A5D1F54FC7D00669321 /* AppDelegate.m in Sources */,
				005D8A5A1F54FC7D00669321 /* main.m in Sources */,
				005D8A911F54FD3700669321 /* YXMessageShow.m in Sources */,
			);
			runOnlyForDeploymentPostprocessing = 0;
		};
		005D8A6A1F54FC7D00669321 /* Sources */ = {
			isa = PBXSourcesBuildPhase;
			buildActionMask = 2147483647;
			files = (
				005D8A731F54FC7D00669321 /* MessageShowTests.m in Sources */,
			);
			runOnlyForDeploymentPostprocessing = 0;
		};
		005D8A751F54FC7D00669321 /* Sources */ = {
			isa = PBXSourcesBuildPhase;
			buildActionMask = 2147483647;
			files = (
				005D8A7E1F54FC7D00669321 /* MessageShowUITests.m in Sources */,
			);
			runOnlyForDeploymentPostprocessing = 0;
		};
/* End PBXSourcesBuildPhase section */

/* Begin PBXTargetDependency section */
		005D8A701F54FC7D00669321 /* PBXTargetDependency */ = {
			isa = PBXTargetDependency;
			target = 005D8A541F54FC7D00669321 /* MessageShow */;
			targetProxy = 005D8A6F1F54FC7D00669321 /* PBXContainerItemProxy */;
		};
		005D8A7B1F54FC7D00669321 /* PBXTargetDependency */ = {
			isa = PBXTargetDependency;
			target = 005D8A541F54FC7D00669321 /* MessageShow */;
			targetProxy = 005D8A7A1F54FC7D00669321 /* PBXContainerItemProxy */;
		};
/* End PBXTargetDependency section */

/* Begin PBXVariantGroup section */
		005D8A611F54FC7D00669321 /* Main.storyboard */ = {
			isa = PBXVariantGroup;
			children = (
				005D8A621F54FC7D00669321 /* Base */,
			);
			name = Main.storyboard;
			sourceTree = "<group>";
		};
		005D8A661F54FC7D00669321 /* LaunchScreen.storyboard */ = {
			isa = PBXVariantGroup;
			children = (
				005D8A671F54FC7D00669321 /* Base */,
			);
			name = LaunchScreen.storyboard;
			sourceTree = "<group>";
		};
/* End PBXVariantGroup section */

/* Begin XCBuildConfiguration section */
		005D8A801F54FC7D00669321 /* Debug */ = {
			isa = XCBuildConfiguration;
			buildSettings = {
				ALWAYS_SEARCH_USER_PATHS = NO;
				CLANG_ANALYZER_NONNULL = YES;
				CLANG_ANALYZER_NUMBER_OBJECT_CONVERSION = YES_AGGRESSIVE;
				CLANG_CXX_LANGUAGE_STANDARD = "gnu++0x";
				CLANG_CXX_LIBRARY = "libc++";
				CLANG_ENABLE_MODULES = YES;
				CLANG_ENABLE_OBJC_ARC = YES;
				CLANG_WARN_BOOL_CONVERSION = YES;
				CLANG_WARN_CONSTANT_CONVERSION = YES;
				CLANG_WARN_DIRECT_OBJC_ISA_USAGE = YES_ERROR;
				CLANG_WARN_DOCUMENTATION_COMMENTS = YES;
				CLANG_WARN_EMPTY_BODY = YES;
				CLANG_WARN_ENUM_CONVERSION = YES;
				CLANG_WARN_INFINITE_RECURSION = YES;
				CLANG_WARN_INT_CONVERSION = YES;
				CLANG_WARN_OBJC_ROOT_CLASS = YES_ERROR;
				CLANG_WARN_SUSPICIOUS_MOVE = YES;
				CLANG_WARN_UNREACHABLE_CODE = YES;
				CLANG_WARN__DUPLICATE_METHOD_MATCH = YES;
				"CODE_SIGN_IDENTITY[sdk=iphoneos*]" = "iPhone Developer";
				COPY_PHASE_STRIP = NO;
				DEBUG_INFORMATION_FORMAT = dwarf;
				ENABLE_STRICT_OBJC_MSGSEND = YES;
				ENABLE_TESTABILITY = YES;
				GCC_C_LANGUAGE_STANDARD = gnu99;
				GCC_DYNAMIC_NO_PIC = NO;
				GCC_NO_COMMON_BLOCKS = YES;
				GCC_OPTIMIZATION_LEVEL = 0;
				GCC_PREPROCESSOR_DEFINITIONS = (
					"DEBUG=1",
					"$(inherited)",
				);
				GCC_WARN_64_TO_32_BIT_CONVERSION = YES;
				GCC_WARN_ABOUT_RETURN_TYPE = YES_ERROR;
				GCC_WARN_UNDECLARED_SELECTOR = YES;
				GCC_WARN_UNINITIALIZED_AUTOS = YES_AGGRESSIVE;
				GCC_WARN_UNUSED_FUNCTION = YES;
				GCC_WARN_UNUSED_VARIABLE = YES;
				IPHONEOS_DEPLOYMENT_TARGET = 10.3;
				MTL_ENABLE_DEBUG_INFO = YES;
				ONLY_ACTIVE_ARCH = YES;
				SDKROOT = iphoneos;
			};
			name = Debug;
		};
		005D8A811F54FC7D00669321 /* Release */ = {
			isa = XCBuildConfiguration;
			buildSettings = {
				ALWAYS_SEARCH_USER_PATHS = NO;
				CLANG_ANALYZER_NONNULL = YES;
				CLANG_ANALYZER_NUMBER_OBJECT_CONVERSION = YES_AGGRESSIVE;
				CLANG_CXX_LANGUAGE_STANDARD = "gnu++0x";
				CLANG_CXX_LIBRARY = "libc++";
				CLANG_ENABLE_MODULES = YES;
				CLANG_ENABLE_OBJC_ARC = YES;
				CLANG_WARN_BOOL_CONVERSION = YES;
				CLANG_WARN_CONSTANT_CONVERSION = YES;
				CLANG_WARN_DIRECT_OBJC_ISA_USAGE = YES_ERROR;
				CLANG_WARN_DOCUMENTATION_COMMENTS = YES;
				CLANG_WARN_EMPTY_BODY = YES;
				CLANG_WARN_ENUM_CONVERSION = YES;
				CLANG_WARN_INFINITE_RECURSION = YES;
				CLANG_WARN_INT_CONVERSION = YES;
				CLANG_WARN_OBJC_ROOT_CLASS = YES_ERROR;
				CLANG_WARN_SUSPICIOUS_MOVE = YES;
				CLANG_WARN_UNREACHABLE_CODE = YES;
				CLANG_WARN__DUPLICATE_METHOD_MATCH = YES;
				"CODE_SIGN_IDENTITY[sdk=iphoneos*]" = "iPhone Developer";
				COPY_PHASE_STRIP = NO;
				DEBUG_INFORMATION_FORMAT = "dwarf-with-dsym";
				ENABLE_NS_ASSERTIONS = NO;
				ENABLE_STRICT_OBJC_MSGSEND = YES;
				GCC_C_LANGUAGE_STANDARD = gnu99;
				GCC_NO_COMMON_BLOCKS = YES;
				GCC_WARN_64_TO_32_BIT_CONVERSION = YES;
				GCC_WARN_ABOUT_RETURN_TYPE = YES_ERROR;
				GCC_WARN_UNDECLARED_SELECTOR = YES;
				GCC_WARN_UNINITIALIZED_AUTOS = YES_AGGRESSIVE;
				GCC_WARN_UNUSED_FUNCTION = YES;
				GCC_WARN_UNUSED_VARIABLE = YES;
				IPHONEOS_DEPLOYMENT_TARGET = 10.3;
				MTL_ENABLE_DEBUG_INFO = NO;
				SDKROOT = iphoneos;
				VALIDATE_PRODUCT = YES;
			};
			name = Release;
		};
		005D8A831F54FC7D00669321 /* Debug */ = {
			isa = XCBuildConfiguration;
			buildSettings = {
				ASSETCATALOG_COMPILER_APPICON_NAME = AppIcon;
				DEVELOPMENT_TEAM = 79WD7D3E4S;
				INFOPLIST_FILE = MessageShow/Info.plist;
				LD_RUNPATH_SEARCH_PATHS = "$(inherited) @executable_path/Frameworks";
				PRODUCT_BUNDLE_IDENTIFIER = YiXunCompany.MessageShow;
				PRODUCT_NAME = "$(TARGET_NAME)";
			};
			name = Debug;
		};
		005D8A841F54FC7D00669321 /* Release */ = {
			isa = XCBuildConfiguration;
			buildSettings = {
				ASSETCATALOG_COMPILER_APPICON_NAME = AppIcon;
				DEVELOPMENT_TEAM = 79WD7D3E4S;
				INFOPLIST_FILE = MessageShow/Info.plist;
				LD_RUNPATH_SEARCH_PATHS = "$(inherited) @executable_path/Frameworks";
				PRODUCT_BUNDLE_IDENTIFIER = YiXunCompany.MessageShow;
				PRODUCT_NAME = "$(TARGET_NAME)";
			};
			name = Release;
		};
		005D8A861F54FC7D00669321 /* Debug */ = {
			isa = XCBuildConfiguration;
			buildSettings = {
				BUNDLE_LOADER = "$(TEST_HOST)";
				DEVELOPMENT_TEAM = 79WD7D3E4S;
				INFOPLIST_FILE = MessageShowTests/Info.plist;
				LD_RUNPATH_SEARCH_PATHS = "$(inherited) @executable_path/Frameworks @loader_path/Frameworks";
				PRODUCT_BUNDLE_IDENTIFIER = YiXunCompany.MessageShowTests;
				PRODUCT_NAME = "$(TARGET_NAME)";
				TEST_HOST = "$(BUILT_PRODUCTS_DIR)/MessageShow.app/MessageShow";
			};
			name = Debug;
		};
		005D8A871F54FC7D00669321 /* Release */ = {
			isa = XCBuildConfiguration;
			buildSettings = {
				BUNDLE_LOADER = "$(TEST_HOST)";
				DEVELOPMENT_TEAM = 79WD7D3E4S;
				INFOPLIST_FILE = MessageShowTests/Info.plist;
				LD_RUNPATH_SEARCH_PATHS = "$(inherited) @executable_path/Frameworks @loader_path/Frameworks";
				PRODUCT_BUNDLE_IDENTIFIER = YiXunCompany.MessageShowTests;
				PRODUCT_NAME = "$(TARGET_NAME)";
				TEST_HOST = "$(BUILT_PRODUCTS_DIR)/MessageShow.app/MessageShow";
			};
			name = Release;
		};
		005D8A891F54FC7D00669321 /* Debug */ = {
			isa = XCBuildConfiguration;
			buildSettings = {
				DEVELOPMENT_TEAM = 79WD7D3E4S;
				INFOPLIST_FILE = MessageShowUITests/Info.plist;
				LD_RUNPATH_SEARCH_PATHS = "$(inherited) @executable_path/Frameworks @loader_path/Frameworks";
				PRODUCT_BUNDLE_IDENTIFIER = YiXunCompany.MessageShowUITests;
				PRODUCT_NAME = "$(TARGET_NAME)";
				TEST_TARGET_NAME = MessageShow;
			};
			name = Debug;
		};
		005D8A8A1F54FC7D00669321 /* Release */ = {
			isa = XCBuildConfiguration;
			buildSettings = {
				DEVELOPMENT_TEAM = 79WD7D3E4S;
				INFOPLIST_FILE = MessageShowUITests/Info.plist;
				LD_RUNPATH_SEARCH_PATHS = "$(inherited) @executable_path/Frameworks @loader_path/Frameworks";
				PRODUCT_BUNDLE_IDENTIFIER = YiXunCompany.MessageShowUITests;
				PRODUCT_NAME = "$(TARGET_NAME)";
				TEST_TARGET_NAME = MessageShow;
			};
			name = Release;
		};
/* End XCBuildConfiguration section */

/* Begin XCConfigurationList section */
		005D8A501F54FC7D00669321 /* Build configuration list for PBXProject "MessageShow" */ = {
			isa = XCConfigurationList;
			buildConfigurations = (
				005D8A801F54FC7D00669321 /* Debug */,
				005D8A811F54FC7D00669321 /* Release */,
			);
			defaultConfigurationIsVisible = 0;
			defaultConfigurationName = Release;
		};
		005D8A821F54FC7D00669321 /* Build configuration list for PBXNativeTarget "MessageShow" */ = {
			isa = XCConfigurationList;
			buildConfigurations = (
				005D8A831F54FC7D00669321 /* Debug */,
				005D8A841F54FC7D00669321 /* Release */,
			);
			defaultConfigurationIsVisible = 0;
		};
		005D8A851F54FC7D00669321 /* Build configuration list for PBXNativeTarget "MessageShowTests" */ = {
			isa = XCConfigurationList;
			buildConfigurations = (
				005D8A861F54FC7D00669321 /* Debug */,
				005D8A871F54FC7D00669321 /* Release */,
			);
			defaultConfigurationIsVisible = 0;
		};
		005D8A881F54FC7D00669321 /* Build configuration list for PBXNativeTarget "MessageShowUITests" */ = {
			isa = XCConfigurationList;
			buildConfigurations = (
				005D8A891F54FC7D00669321 /* Debug */,
				005D8A8A1F54FC7D00669321 /* Release */,
			);
			defaultConfigurationIsVisible = 0;
		};
/* End XCConfigurationList section */
	};
	rootObject = 005D8A4D1F54FC7D00669321 /* Project object */;
}
